{
  "name": "@joleques/squad-system",
  "version": "1.0.3",
  "lockfileVersion": 3,
  "requires": true,
  "packages": {
    "": {
      "name": "@joleques/squad-system",
      "version": "1.0.3",
      "license": "MIT",
      "bin": {
        "squad-system": "bin/squad-system.js"
      },
      "engines": {
        "node": ">=18"
      }
    }
  }
}
